
Microsoft Visual Studio Solution File, Format Version 12.00
# Visual Studio Version 17
VisualStudioVersion = 17.12.35707.178
MinimumVisualStudioVersion = 10.0.40219.1
Project("{FAE04EC0-301F-11D3-BF4B-00C04F79EFBC}") = "KwikFitTestCentreApi", "KwikFitTestCentreApi\KwikFitTestCentreApi.csproj", "{5ABB23CC-0454-422D-87F8-D4FA9509CF25}"
EndProject
Project("{FAE04EC0-301F-11D3-BF4B-00C04F79EFBC}") = "MOTTestCentreApp", "MOTTestCentreApp\MOTTestCentreApp.csproj", "{F2C85D18-1018-40D1-9933-175DEA2C457A}"
	ProjectSection(ProjectDependencies) = postProject
		{5ABB23CC-0454-422D-87F8-D4FA9509CF25} = {5ABB23CC-0454-422D-87F8-D4FA9509CF25}
	EndProjectSection
EndProject
Project("{FAE04EC0-301F-11D3-BF4B-00C04F79EFBC}") = "CustomerApp", "CustomerApp\CustomerApp.csproj", "{5C1F53E0-657F-4680-89AC-DEC0779B6E0D}"
EndProject
Global
	GlobalSection(SolutionConfigurationPlatforms) = preSolution
		Debug|Any CPU = Debug|Any CPU
		Release|Any CPU = Release|Any CPU
	EndGlobalSection
	GlobalSection(ProjectConfigurationPlatforms) = postSolution
		{5ABB23CC-0454-422D-87F8-D4FA9509CF25}.Debug|Any CPU.ActiveCfg = Debug|Any CPU
		{5ABB23CC-0454-422D-87F8-D4FA9509CF25}.Debug|Any CPU.Build.0 = Debug|Any CPU
		{5ABB23CC-0454-422D-87F8-D4FA9509CF25}.Release|Any CPU.ActiveCfg = Release|Any CPU
		{5ABB23CC-0454-422D-87F8-D4FA9509CF25}.Release|Any CPU.Build.0 = Release|Any CPU
		{F2C85D18-1018-40D1-9933-175DEA2C457A}.Debug|Any CPU.ActiveCfg = Debug|Any CPU
		{F2C85D18-1018-40D1-9933-175DEA2C457A}.Debug|Any CPU.Build.0 = Debug|Any CPU
		{F2C85D18-1018-40D1-9933-175DEA2C457A}.Release|Any CPU.ActiveCfg = Release|Any CPU
		{F2C85D18-1018-40D1-9933-175DEA2C457A}.Release|Any CPU.Build.0 = Release|Any CPU
		{5C1F53E0-657F-4680-89AC-DEC0779B6E0D}.Debug|Any CPU.ActiveCfg = Debug|Any CPU
		{5C1F53E0-657F-4680-89AC-DEC0779B6E0D}.Debug|Any CPU.Build.0 = Debug|Any CPU
		{5C1F53E0-657F-4680-89AC-DEC0779B6E0D}.Release|Any CPU.ActiveCfg = Release|Any CPU
		{5C1F53E0-657F-4680-89AC-DEC0779B6E0D}.Release|Any CPU.Build.0 = Release|Any CPU
	EndGlobalSection
	GlobalSection(SolutionProperties) = preSolution
		HideSolutionNode = FALSE
	EndGlobalSection
	GlobalSection(ExtensibilityGlobals) = postSolution
		SolutionGuid = {D39924B2-C8F2-4222-9DAA-40F666C95433}
	EndGlobalSection
EndGlobal
